
Microsoft Visual Studio Solution File, Format Version 12.00
# Visual Studio 15
VisualStudioVersion = 15.0.27703.2042
MinimumVisualStudioVersion = 10.0.40219.1
Project("{FAE04EC0-301F-11D3-BF4B-00C04F79EFBC}") = "Labarator_1", "Labarator_1\Labarator_1.csproj", "{AAC825CF-A55E-46A8-9A80-5CC1846054A6}"
EndProject
Project("{FAE04EC0-301F-11D3-BF4B-00C04F79EFBC}") = "Labarator_2", "Labarator_2\Labarator_2.csproj", "{A948DD15-3EFB-4814-A4D2-75981F2CBDC4}"
EndProject
Project("{FAE04EC0-301F-11D3-BF4B-00C04F79EFBC}") = "Labarator_3", "Labarator_3\Labarator_3.csproj", "{115BCE42-6B57-41A3-904B-F01EEDDB0143}"
EndProject
Project("{FAE04EC0-301F-11D3-BF4B-00C04F79EFBC}") = "Labarator_4", "Labarator_4\Labarator_4.csproj", "{566509FD-CF36-44C8-8959-8F22F86B347F}"
EndProject
Project("{FAE04EC0-301F-11D3-BF4B-00C04F79EFBC}") = "CompilerAPI", "CompilerAPI\CompilerAPI.csproj", "{C103EBB8-CDDE-4C8E-8B7E-ACBCF026B1AD}"
EndProject
Global
	GlobalSection(SolutionConfigurationPlatforms) = preSolution
		Debug|Any CPU = Debug|Any CPU
		Release|Any CPU = Release|Any CPU
	EndGlobalSection
	GlobalSection(ProjectConfigurationPlatforms) = postSolution
		{AAC825CF-A55E-46A8-9A80-5CC1846054A6}.Debug|Any CPU.ActiveCfg = Debug|Any CPU
		{AAC825CF-A55E-46A8-9A80-5CC1846054A6}.Debug|Any CPU.Build.0 = Debug|Any CPU
		{AAC825CF-A55E-46A8-9A80-5CC1846054A6}.Release|Any CPU.ActiveCfg = Release|Any CPU
		{AAC825CF-A55E-46A8-9A80-5CC1846054A6}.Release|Any CPU.Build.0 = Release|Any CPU
		{A948DD15-3EFB-4814-A4D2-75981F2CBDC4}.Debug|Any CPU.ActiveCfg = Debug|Any CPU
		{A948DD15-3EFB-4814-A4D2-75981F2CBDC4}.Debug|Any CPU.Build.0 = Debug|Any CPU
		{A948DD15-3EFB-4814-A4D2-75981F2CBDC4}.Release|Any CPU.ActiveCfg = Release|Any CPU
		{A948DD15-3EFB-4814-A4D2-75981F2CBDC4}.Release|Any CPU.Build.0 = Release|Any CPU
		{115BCE42-6B57-41A3-904B-F01EEDDB0143}.Debug|Any CPU.ActiveCfg = Debug|Any CPU
		{115BCE42-6B57-41A3-904B-F01EEDDB0143}.Debug|Any CPU.Build.0 = Debug|Any CPU
		{115BCE42-6B57-41A3-904B-F01EEDDB0143}.Release|Any CPU.ActiveCfg = Release|Any CPU
		{115BCE42-6B57-41A3-904B-F01EEDDB0143}.Release|Any CPU.Build.0 = Release|Any CPU
		{566509FD-CF36-44C8-8959-8F22F86B347F}.Debug|Any CPU.ActiveCfg = Debug|Any CPU
		{566509FD-CF36-44C8-8959-8F22F86B347F}.Debug|Any CPU.Build.0 = Debug|Any CPU
		{566509FD-CF36-44C8-8959-8F22F86B347F}.Release|Any CPU.ActiveCfg = Release|Any CPU
		{566509FD-CF36-44C8-8959-8F22F86B347F}.Release|Any CPU.Build.0 = Release|Any CPU
		{C103EBB8-CDDE-4C8E-8B7E-ACBCF026B1AD}.Debug|Any CPU.ActiveCfg = Debug|Any CPU
		{C103EBB8-CDDE-4C8E-8B7E-ACBCF026B1AD}.Debug|Any CPU.Build.0 = Debug|Any CPU
		{C103EBB8-CDDE-4C8E-8B7E-ACBCF026B1AD}.Release|Any CPU.ActiveCfg = Release|Any CPU
		{C103EBB8-CDDE-4C8E-8B7E-ACBCF026B1AD}.Release|Any CPU.Build.0 = Release|Any CPU
	EndGlobalSection
	GlobalSection(SolutionProperties) = preSolution
		HideSolutionNode = FALSE
	EndGlobalSection
	GlobalSection(ExtensibilityGlobals) = postSolution
		SolutionGuid = {A7A08528-6F34-47F5-9276-621B123EE7CF}
	EndGlobalSection
EndGlobal
