
Microsoft Visual Studio Solution File, Format Version 12.00
# Visual Studio 15
VisualStudioVersion = 15.0.27130.2036
MinimumVisualStudioVersion = 10.0.40219.1
Project("{FAE04EC0-301F-11D3-BF4B-00C04F79EFBC}") = "Labarator_1", "Labarator_1\Labarator_1.csproj", "{5C81F841-78EB-4FAE-B90F-26A412A07FF9}"
EndProject
Global
	GlobalSection(SolutionConfigurationPlatforms) = preSolution
		Debug|Any CPU = Debug|Any CPU
		Release|Any CPU = Release|Any CPU
	EndGlobalSection
	GlobalSection(ProjectConfigurationPlatforms) = postSolution
		{5C81F841-78EB-4FAE-B90F-26A412A07FF9}.Debug|Any CPU.ActiveCfg = Debug|Any CPU
		{5C81F841-78EB-4FAE-B90F-26A412A07FF9}.Debug|Any CPU.Build.0 = Debug|Any CPU
		{5C81F841-78EB-4FAE-B90F-26A412A07FF9}.Release|Any CPU.ActiveCfg = Release|Any CPU
		{5C81F841-78EB-4FAE-B90F-26A412A07FF9}.Release|Any CPU.Build.0 = Release|Any CPU
	EndGlobalSection
	GlobalSection(SolutionProperties) = preSolution
		HideSolutionNode = FALSE
	EndGlobalSection
	GlobalSection(ExtensibilityGlobals) = postSolution
		SolutionGuid = {ABF5BFA2-8B40-4A68-B817-81E63D6E4C74}
	EndGlobalSection
EndGlobal
