
Microsoft Visual Studio Solution File, Format Version 12.00
# Visual Studio 15
VisualStudioVersion = 15.0.27130.2036
MinimumVisualStudioVersion = 10.0.40219.1
Project("{FAE04EC0-301F-11D3-BF4B-00C04F79EFBC}") = "SERVER", "SERVER\SERVER.csproj", "{A29A3FE5-4808-4644-8E22-7B670E2C2483}"
EndProject
Project("{FAE04EC0-301F-11D3-BF4B-00C04F79EFBC}") = "CLIENT", "CLIENT\CLIENT.csproj", "{37C1F7F3-96BE-4234-AA51-02DCC222F897}"
EndProject
Global
	GlobalSection(SolutionConfigurationPlatforms) = preSolution
		Debug|Any CPU = Debug|Any CPU
		Release|Any CPU = Release|Any CPU
	EndGlobalSection
	GlobalSection(ProjectConfigurationPlatforms) = postSolution
		{A29A3FE5-4808-4644-8E22-7B670E2C2483}.Debug|Any CPU.ActiveCfg = Debug|Any CPU
		{A29A3FE5-4808-4644-8E22-7B670E2C2483}.Debug|Any CPU.Build.0 = Debug|Any CPU
		{A29A3FE5-4808-4644-8E22-7B670E2C2483}.Release|Any CPU.ActiveCfg = Release|Any CPU
		{A29A3FE5-4808-4644-8E22-7B670E2C2483}.Release|Any CPU.Build.0 = Release|Any CPU
		{37C1F7F3-96BE-4234-AA51-02DCC222F897}.Debug|Any CPU.ActiveCfg = Debug|Any CPU
		{37C1F7F3-96BE-4234-AA51-02DCC222F897}.Debug|Any CPU.Build.0 = Debug|Any CPU
		{37C1F7F3-96BE-4234-AA51-02DCC222F897}.Release|Any CPU.ActiveCfg = Release|Any CPU
		{37C1F7F3-96BE-4234-AA51-02DCC222F897}.Release|Any CPU.Build.0 = Release|Any CPU
	EndGlobalSection
	GlobalSection(SolutionProperties) = preSolution
		HideSolutionNode = FALSE
	EndGlobalSection
	GlobalSection(ExtensibilityGlobals) = postSolution
		SolutionGuid = {49F64D1A-6805-4487-867D-938089FFAEC6}
	EndGlobalSection
EndGlobal
