
Microsoft Visual Studio Solution File, Format Version 12.00
# Visual Studio 15
VisualStudioVersion = 15.0.27703.2042
MinimumVisualStudioVersion = 10.0.40219.1
Project("{FAE04EC0-301F-11D3-BF4B-00C04F79EFBC}") = "Server", "ClientServerApp\Server.csproj", "{DE076143-D3BA-40A8-ADF1-C7F29B138065}"
EndProject
Project("{FAE04EC0-301F-11D3-BF4B-00C04F79EFBC}") = "Client", "Client\Client.csproj", "{42ACA621-052B-464D-ABDC-25865F8C5B5B}"
EndProject
Global
	GlobalSection(SolutionConfigurationPlatforms) = preSolution
		Debug|Any CPU = Debug|Any CPU
		Release|Any CPU = Release|Any CPU
	EndGlobalSection
	GlobalSection(ProjectConfigurationPlatforms) = postSolution
		{DE076143-D3BA-40A8-ADF1-C7F29B138065}.Debug|Any CPU.ActiveCfg = Debug|Any CPU
		{DE076143-D3BA-40A8-ADF1-C7F29B138065}.Debug|Any CPU.Build.0 = Debug|Any CPU
		{DE076143-D3BA-40A8-ADF1-C7F29B138065}.Release|Any CPU.ActiveCfg = Release|Any CPU
		{DE076143-D3BA-40A8-ADF1-C7F29B138065}.Release|Any CPU.Build.0 = Release|Any CPU
		{42ACA621-052B-464D-ABDC-25865F8C5B5B}.Debug|Any CPU.ActiveCfg = Debug|Any CPU
		{42ACA621-052B-464D-ABDC-25865F8C5B5B}.Debug|Any CPU.Build.0 = Debug|Any CPU
		{42ACA621-052B-464D-ABDC-25865F8C5B5B}.Release|Any CPU.ActiveCfg = Release|Any CPU
		{42ACA621-052B-464D-ABDC-25865F8C5B5B}.Release|Any CPU.Build.0 = Release|Any CPU
	EndGlobalSection
	GlobalSection(SolutionProperties) = preSolution
		HideSolutionNode = FALSE
	EndGlobalSection
	GlobalSection(ExtensibilityGlobals) = postSolution
		SolutionGuid = {A2838DC2-F7E4-4056-8998-5F87801332AC}
	EndGlobalSection
EndGlobal
